
Microsoft Visual Studio Solution File, Format Version 12.00
# Visual Studio Version 16
VisualStudioVersion = 16.0.810.14
MinimumVisualStudioVersion = 10.0.40219.1
Project("{FAE04EC0-301F-11D3-BF4B-00C04F79EFBC}") = "BlazorMatchGame", "BlazorMatchGame\BlazorMatchGame.csproj", "{0B8C288B-7DCE-4713-9262-180C5AE7C462}"
EndProject
Global
	GlobalSection(SolutionConfigurationPlatforms) = preSolution
		Debug|Any CPU = Debug|Any CPU
		Release|Any CPU = Release|Any CPU
	EndGlobalSection
	GlobalSection(ProjectConfigurationPlatforms) = postSolution
		{0B8C288B-7DCE-4713-9262-180C5AE7C462}.Debug|Any CPU.ActiveCfg = Debug|Any CPU
		{0B8C288B-7DCE-4713-9262-180C5AE7C462}.Debug|Any CPU.Build.0 = Debug|Any CPU
		{0B8C288B-7DCE-4713-9262-180C5AE7C462}.Release|Any CPU.ActiveCfg = Release|Any CPU
		{0B8C288B-7DCE-4713-9262-180C5AE7C462}.Release|Any CPU.Build.0 = Release|Any CPU
	EndGlobalSection
	GlobalSection(SolutionProperties) = preSolution
		HideSolutionNode = FALSE
	EndGlobalSection
	GlobalSection(ExtensibilityGlobals) = postSolution
		SolutionGuid = {EEAD0FDA-5692-49D8-BB1B-006AF7F87BF6}
	EndGlobalSection
EndGlobal
